{
    "name": "ext-theme-base",
    "version": "4.2.1",
    "lockfileVersion": 3,
    "requires": true,
    "packages": {
        "": {
            "name": "ext-theme-base",
            "version": "4.2.1",
            "dependencies": {
                "ext-theme-base": "file:"
            }
        },
        "node_modules/ext-theme-base": {
            "resolved": "",
            "link": true
        }
    }
}
