{
    "name": "ext-locale",
    "version": "1.0.0",
    "lockfileVersion": 3,
    "requires": true,
    "packages": {
        "": {
            "name": "ext-locale",
            "version": "1.0.0",
            "dependencies": {
                "ext-locale": "file:"
            }
        },
        "node_modules/ext-locale": {
            "resolved": "",
            "link": true
        }
    }
}
